
Microsoft Visual Studio Solution File, Format Version 12.00
Project("{FAE04EC0-301F-11D3-BF4B-00C04F79EFBC}") = "HostServer", "HostServer\HostServer.csproj", "{556A71ED-7064-42FF-9A05-68ACDE60DA6C}"
EndProject
Project("{FAE04EC0-301F-11D3-BF4B-00C04F79EFBC}") = "GuestClient", "GuestClient\GuestClient.csproj", "{94A07987-0E28-47EB-B5BC-D3EF91BCF35A}"
EndProject
Project("{FAE04EC0-301F-11D3-BF4B-00C04F79EFBC}") = "HagiShared", "HagiShared\HagiShared.csproj", "{0EE58B6D-1541-4FA4-A57F-D839962EB400}"
EndProject
Project("{FAE04EC0-301F-11D3-BF4B-00C04F79EFBC}") = "ClientCodeGen", "ClientCodeGen\ClientCodeGen.csproj", "{A94F7346-A8BE-44AF-863D-62CB67C9D61D}"
EndProject
Global
	GlobalSection(SolutionConfigurationPlatforms) = preSolution
		Debug|Any CPU = Debug|Any CPU
		Release|Any CPU = Release|Any CPU
	EndGlobalSection
	GlobalSection(ProjectConfigurationPlatforms) = postSolution
		{556A71ED-7064-42FF-9A05-68ACDE60DA6C}.Debug|Any CPU.ActiveCfg = Debug|Any CPU
		{556A71ED-7064-42FF-9A05-68ACDE60DA6C}.Debug|Any CPU.Build.0 = Debug|Any CPU
		{556A71ED-7064-42FF-9A05-68ACDE60DA6C}.Release|Any CPU.ActiveCfg = Release|Any CPU
		{556A71ED-7064-42FF-9A05-68ACDE60DA6C}.Release|Any CPU.Build.0 = Release|Any CPU
		{94A07987-0E28-47EB-B5BC-D3EF91BCF35A}.Debug|Any CPU.ActiveCfg = Debug|Any CPU
		{94A07987-0E28-47EB-B5BC-D3EF91BCF35A}.Debug|Any CPU.Build.0 = Debug|Any CPU
		{94A07987-0E28-47EB-B5BC-D3EF91BCF35A}.Release|Any CPU.ActiveCfg = Release|Any CPU
		{94A07987-0E28-47EB-B5BC-D3EF91BCF35A}.Release|Any CPU.Build.0 = Release|Any CPU
		{0EE58B6D-1541-4FA4-A57F-D839962EB400}.Debug|Any CPU.ActiveCfg = Debug|Any CPU
		{0EE58B6D-1541-4FA4-A57F-D839962EB400}.Debug|Any CPU.Build.0 = Debug|Any CPU
		{0EE58B6D-1541-4FA4-A57F-D839962EB400}.Release|Any CPU.ActiveCfg = Release|Any CPU
		{0EE58B6D-1541-4FA4-A57F-D839962EB400}.Release|Any CPU.Build.0 = Release|Any CPU
		{A94F7346-A8BE-44AF-863D-62CB67C9D61D}.Debug|Any CPU.ActiveCfg = Debug|Any CPU
		{A94F7346-A8BE-44AF-863D-62CB67C9D61D}.Debug|Any CPU.Build.0 = Debug|Any CPU
		{A94F7346-A8BE-44AF-863D-62CB67C9D61D}.Release|Any CPU.ActiveCfg = Release|Any CPU
		{A94F7346-A8BE-44AF-863D-62CB67C9D61D}.Release|Any CPU.Build.0 = Release|Any CPU
	EndGlobalSection
EndGlobal
